
Microsoft Visual Studio Solution File, Format Version 12.00
# Visual Studio Version 17
VisualStudioVersion = 17.6.33815.320
MinimumVisualStudioVersion = 10.0.40219.1
Project("{FAE04EC0-301F-11D3-BF4B-00C04F79EFBC}") = "EstruturaCondicional(For)", "EstruturaCondicional(For)\EstruturaCondicional(For).csproj", "{65A56A36-689D-4555-8E51-8E6C8543D032}"
EndProject
Global
	GlobalSection(SolutionConfigurationPlatforms) = preSolution
		Debug|Any CPU = Debug|Any CPU
		Release|Any CPU = Release|Any CPU
	EndGlobalSection
	GlobalSection(ProjectConfigurationPlatforms) = postSolution
		{65A56A36-689D-4555-8E51-8E6C8543D032}.Debug|Any CPU.ActiveCfg = Debug|Any CPU
		{65A56A36-689D-4555-8E51-8E6C8543D032}.Debug|Any CPU.Build.0 = Debug|Any CPU
		{65A56A36-689D-4555-8E51-8E6C8543D032}.Release|Any CPU.ActiveCfg = Release|Any CPU
		{65A56A36-689D-4555-8E51-8E6C8543D032}.Release|Any CPU.Build.0 = Release|Any CPU
	EndGlobalSection
	GlobalSection(SolutionProperties) = preSolution
		HideSolutionNode = FALSE
	EndGlobalSection
	GlobalSection(ExtensibilityGlobals) = postSolution
		SolutionGuid = {111776B8-FDEE-4930-900C-7CC257EE311A}
	EndGlobalSection
EndGlobal
