
Microsoft Visual Studio Solution File, Format Version 12.00
# Visual Studio Version 17
VisualStudioVersion = 17.6.33815.320
MinimumVisualStudioVersion = 10.0.40219.1
Project("{FAE04EC0-301F-11D3-BF4B-00C04F79EFBC}") = "VetoresPt2", "VetoresPt2.csproj", "{F72A55F8-54B3-4E78-8487-6CFD5922B56E}"
EndProject
Global
	GlobalSection(SolutionConfigurationPlatforms) = preSolution
		Debug|Any CPU = Debug|Any CPU
		Release|Any CPU = Release|Any CPU
	EndGlobalSection
	GlobalSection(ProjectConfigurationPlatforms) = postSolution
		{F72A55F8-54B3-4E78-8487-6CFD5922B56E}.Debug|Any CPU.ActiveCfg = Debug|Any CPU
		{F72A55F8-54B3-4E78-8487-6CFD5922B56E}.Debug|Any CPU.Build.0 = Debug|Any CPU
		{F72A55F8-54B3-4E78-8487-6CFD5922B56E}.Release|Any CPU.ActiveCfg = Release|Any CPU
		{F72A55F8-54B3-4E78-8487-6CFD5922B56E}.Release|Any CPU.Build.0 = Release|Any CPU
	EndGlobalSection
	GlobalSection(SolutionProperties) = preSolution
		HideSolutionNode = FALSE
	EndGlobalSection
	GlobalSection(ExtensibilityGlobals) = postSolution
		SolutionGuid = {8EB7C2B5-6A6F-4BB6-B0ED-4E9775C32420}
	EndGlobalSection
EndGlobal
