
Microsoft Visual Studio Solution File, Format Version 12.00
# Visual Studio Version 17
VisualStudioVersion = 17.6.33815.320
MinimumVisualStudioVersion = 10.0.40219.1
Project("{FAE04EC0-301F-11D3-BF4B-00C04F79EFBC}") = "Listas", "Listas.csproj", "{4228E9F5-5D83-4C70-8EE7-9B5E7958CD21}"
EndProject
Global
	GlobalSection(SolutionConfigurationPlatforms) = preSolution
		Debug|Any CPU = Debug|Any CPU
		Release|Any CPU = Release|Any CPU
	EndGlobalSection
	GlobalSection(ProjectConfigurationPlatforms) = postSolution
		{4228E9F5-5D83-4C70-8EE7-9B5E7958CD21}.Debug|Any CPU.ActiveCfg = Debug|Any CPU
		{4228E9F5-5D83-4C70-8EE7-9B5E7958CD21}.Debug|Any CPU.Build.0 = Debug|Any CPU
		{4228E9F5-5D83-4C70-8EE7-9B5E7958CD21}.Release|Any CPU.ActiveCfg = Release|Any CPU
		{4228E9F5-5D83-4C70-8EE7-9B5E7958CD21}.Release|Any CPU.Build.0 = Release|Any CPU
	EndGlobalSection
	GlobalSection(SolutionProperties) = preSolution
		HideSolutionNode = FALSE
	EndGlobalSection
	GlobalSection(ExtensibilityGlobals) = postSolution
		SolutionGuid = {0BDFD2A9-EF98-4044-8C99-F9DB6F747D83}
	EndGlobalSection
EndGlobal
