
Microsoft Visual Studio Solution File, Format Version 12.00
# Visual Studio Version 17
VisualStudioVersion = 17.6.33815.320
MinimumVisualStudioVersion = 10.0.40219.1
Project("{FAE04EC0-301F-11D3-BF4B-00C04F79EFBC}") = "VetoresParte1", "VetoresParte1.csproj", "{02A93579-2480-4502-81C6-BBE251297C57}"
EndProject
Global
	GlobalSection(SolutionConfigurationPlatforms) = preSolution
		Debug|Any CPU = Debug|Any CPU
		Release|Any CPU = Release|Any CPU
	EndGlobalSection
	GlobalSection(ProjectConfigurationPlatforms) = postSolution
		{02A93579-2480-4502-81C6-BBE251297C57}.Debug|Any CPU.ActiveCfg = Debug|Any CPU
		{02A93579-2480-4502-81C6-BBE251297C57}.Debug|Any CPU.Build.0 = Debug|Any CPU
		{02A93579-2480-4502-81C6-BBE251297C57}.Release|Any CPU.ActiveCfg = Release|Any CPU
		{02A93579-2480-4502-81C6-BBE251297C57}.Release|Any CPU.Build.0 = Release|Any CPU
	EndGlobalSection
	GlobalSection(SolutionProperties) = preSolution
		HideSolutionNode = FALSE
	EndGlobalSection
	GlobalSection(ExtensibilityGlobals) = postSolution
		SolutionGuid = {A59C3C61-AA6B-4EFF-A5BF-6883794BCDF6}
	EndGlobalSection
EndGlobal
