
Microsoft Visual Studio Solution File, Format Version 12.00
# Visual Studio Version 17
VisualStudioVersion = 17.6.33815.320
MinimumVisualStudioVersion = 10.0.40219.1
Project("{FAE04EC0-301F-11D3-BF4B-00C04F79EFBC}") = "ExercicioClasse2", "ExercicioClasse2\ExercicioClasse2.csproj", "{666A4BFB-1B53-4103-9FA6-2C00A278F1D8}"
EndProject
Global
	GlobalSection(SolutionConfigurationPlatforms) = preSolution
		Debug|Any CPU = Debug|Any CPU
		Release|Any CPU = Release|Any CPU
	EndGlobalSection
	GlobalSection(ProjectConfigurationPlatforms) = postSolution
		{666A4BFB-1B53-4103-9FA6-2C00A278F1D8}.Debug|Any CPU.ActiveCfg = Debug|Any CPU
		{666A4BFB-1B53-4103-9FA6-2C00A278F1D8}.Debug|Any CPU.Build.0 = Debug|Any CPU
		{666A4BFB-1B53-4103-9FA6-2C00A278F1D8}.Release|Any CPU.ActiveCfg = Release|Any CPU
		{666A4BFB-1B53-4103-9FA6-2C00A278F1D8}.Release|Any CPU.Build.0 = Release|Any CPU
	EndGlobalSection
	GlobalSection(SolutionProperties) = preSolution
		HideSolutionNode = FALSE
	EndGlobalSection
	GlobalSection(ExtensibilityGlobals) = postSolution
		SolutionGuid = {DF83BF9B-70C4-4996-AE0A-28081DC60138}
	EndGlobalSection
EndGlobal
