
Microsoft Visual Studio Solution File, Format Version 12.00
# Visual Studio Version 17
VisualStudioVersion = 17.6.33815.320
MinimumVisualStudioVersion = 10.0.40219.1
Project("{FAE04EC0-301F-11D3-BF4B-00C04F79EFBC}") = "LacoForeach", "LacoForeach.csproj", "{4133D50E-FA6E-4E00-929F-2654616013A0}"
EndProject
Global
	GlobalSection(SolutionConfigurationPlatforms) = preSolution
		Debug|Any CPU = Debug|Any CPU
		Release|Any CPU = Release|Any CPU
	EndGlobalSection
	GlobalSection(ProjectConfigurationPlatforms) = postSolution
		{4133D50E-FA6E-4E00-929F-2654616013A0}.Debug|Any CPU.ActiveCfg = Debug|Any CPU
		{4133D50E-FA6E-4E00-929F-2654616013A0}.Debug|Any CPU.Build.0 = Debug|Any CPU
		{4133D50E-FA6E-4E00-929F-2654616013A0}.Release|Any CPU.ActiveCfg = Release|Any CPU
		{4133D50E-FA6E-4E00-929F-2654616013A0}.Release|Any CPU.Build.0 = Release|Any CPU
	EndGlobalSection
	GlobalSection(SolutionProperties) = preSolution
		HideSolutionNode = FALSE
	EndGlobalSection
	GlobalSection(ExtensibilityGlobals) = postSolution
		SolutionGuid = {D9D69B1C-7F89-4D86-BA78-02C36703DE2F}
	EndGlobalSection
EndGlobal
