
Microsoft Visual Studio Solution File, Format Version 12.00
# Visual Studio Version 17
VisualStudioVersion = 17.6.33815.320
MinimumVisualStudioVersion = 10.0.40219.1
Project("{FAE04EC0-301F-11D3-BF4B-00C04F79EFBC}") = "ExercicioVetores", "ExercicioVetores.csproj", "{2D648190-B900-4B91-9785-ACFE8D93FEE2}"
EndProject
Global
	GlobalSection(SolutionConfigurationPlatforms) = preSolution
		Debug|Any CPU = Debug|Any CPU
		Release|Any CPU = Release|Any CPU
	EndGlobalSection
	GlobalSection(ProjectConfigurationPlatforms) = postSolution
		{2D648190-B900-4B91-9785-ACFE8D93FEE2}.Debug|Any CPU.ActiveCfg = Debug|Any CPU
		{2D648190-B900-4B91-9785-ACFE8D93FEE2}.Debug|Any CPU.Build.0 = Debug|Any CPU
		{2D648190-B900-4B91-9785-ACFE8D93FEE2}.Release|Any CPU.ActiveCfg = Release|Any CPU
		{2D648190-B900-4B91-9785-ACFE8D93FEE2}.Release|Any CPU.Build.0 = Release|Any CPU
	EndGlobalSection
	GlobalSection(SolutionProperties) = preSolution
		HideSolutionNode = FALSE
	EndGlobalSection
	GlobalSection(ExtensibilityGlobals) = postSolution
		SolutionGuid = {DF0A8DA4-D728-41B4-848B-3E96298C0CC9}
	EndGlobalSection
EndGlobal
