
Microsoft Visual Studio Solution File, Format Version 12.00
# Visual Studio Version 17
VisualStudioVersion = 17.6.33815.320
MinimumVisualStudioVersion = 10.0.40219.1
Project("{FAE04EC0-301F-11D3-BF4B-00C04F79EFBC}") = "LogicaComC#", "LogicaComC#\LogicaComC#.csproj", "{688213AF-9DF6-43BC-AE2A-59F9AE63C79D}"
EndProject
Global
	GlobalSection(SolutionConfigurationPlatforms) = preSolution
		Debug|Any CPU = Debug|Any CPU
		Release|Any CPU = Release|Any CPU
	EndGlobalSection
	GlobalSection(ProjectConfigurationPlatforms) = postSolution
		{688213AF-9DF6-43BC-AE2A-59F9AE63C79D}.Debug|Any CPU.ActiveCfg = Debug|Any CPU
		{688213AF-9DF6-43BC-AE2A-59F9AE63C79D}.Debug|Any CPU.Build.0 = Debug|Any CPU
		{688213AF-9DF6-43BC-AE2A-59F9AE63C79D}.Release|Any CPU.ActiveCfg = Release|Any CPU
		{688213AF-9DF6-43BC-AE2A-59F9AE63C79D}.Release|Any CPU.Build.0 = Release|Any CPU
	EndGlobalSection
	GlobalSection(SolutionProperties) = preSolution
		HideSolutionNode = FALSE
	EndGlobalSection
	GlobalSection(ExtensibilityGlobals) = postSolution
		SolutionGuid = {0BDF9221-67E1-4707-8050-F7D9D9EC321F}
	EndGlobalSection
EndGlobal
